
Microsoft Visual Studio Solution File, Format Version 12.00
# Visual Studio Version 16
VisualStudioVersion = 16.0.31729.503
MinimumVisualStudioVersion = 10.0.40219.1
Project("{9A19103F-16F7-4668-BE54-9A1E7A4F7556}") = "todo-aspnetmvc-ui", "todo-aspnetmvc-ui\todo-aspnetmvc-ui.csproj", "{5D6B3039-4BE9-43E6-9EB9-DC94F43D188A}"
EndProject
Project("{9A19103F-16F7-4668-BE54-9A1E7A4F7556}") = "todo-app-tests", "todo-app-tests\todo-app-tests.csproj", "{295321A2-2B66-4AFE-9C3D-393A27C70815}"
EndProject
Project("{9A19103F-16F7-4668-BE54-9A1E7A4F7556}") = "todo-domain-entities", "todo-domain-entities\todo-domain-entities.csproj", "{758009FD-031C-4C06-B959-61A07E71C954}"
EndProject
Global
	GlobalSection(SolutionConfigurationPlatforms) = preSolution
		Debug|Any CPU = Debug|Any CPU
		Release|Any CPU = Release|Any CPU
	EndGlobalSection
	GlobalSection(ProjectConfigurationPlatforms) = postSolution
		{5D6B3039-4BE9-43E6-9EB9-DC94F43D188A}.Debug|Any CPU.ActiveCfg = Debug|Any CPU
		{5D6B3039-4BE9-43E6-9EB9-DC94F43D188A}.Debug|Any CPU.Build.0 = Debug|Any CPU
		{5D6B3039-4BE9-43E6-9EB9-DC94F43D188A}.Release|Any CPU.ActiveCfg = Release|Any CPU
		{5D6B3039-4BE9-43E6-9EB9-DC94F43D188A}.Release|Any CPU.Build.0 = Release|Any CPU
		{295321A2-2B66-4AFE-9C3D-393A27C70815}.Debug|Any CPU.ActiveCfg = Debug|Any CPU
		{295321A2-2B66-4AFE-9C3D-393A27C70815}.Debug|Any CPU.Build.0 = Debug|Any CPU
		{295321A2-2B66-4AFE-9C3D-393A27C70815}.Release|Any CPU.ActiveCfg = Release|Any CPU
		{295321A2-2B66-4AFE-9C3D-393A27C70815}.Release|Any CPU.Build.0 = Release|Any CPU
		{758009FD-031C-4C06-B959-61A07E71C954}.Debug|Any CPU.ActiveCfg = Debug|Any CPU
		{758009FD-031C-4C06-B959-61A07E71C954}.Debug|Any CPU.Build.0 = Debug|Any CPU
		{758009FD-031C-4C06-B959-61A07E71C954}.Release|Any CPU.ActiveCfg = Release|Any CPU
		{758009FD-031C-4C06-B959-61A07E71C954}.Release|Any CPU.Build.0 = Release|Any CPU
	EndGlobalSection
	GlobalSection(SolutionProperties) = preSolution
		HideSolutionNode = FALSE
	EndGlobalSection
	GlobalSection(ExtensibilityGlobals) = postSolution
		SolutionGuid = {B67E6D6F-CF27-433A-A33A-5296FB5BA282}
	EndGlobalSection
EndGlobal
